
Microsoft Visual Studio Solution File, Format Version 12.00
# Visual Studio Version 17
VisualStudioVersion = 17.13.36105.23
MinimumVisualStudioVersion = 10.0.40219.1
Project("{FAE04EC0-301F-11D3-BF4B-00C04F79EFBC}") = "FlexMVVM.WPF", "FlexMVVM.WPF\FlexMVVM.WPF.csproj", "{2CA91806-4E8F-7433-77B6-8923E38041BB}"
EndProject
Project("{FAE04EC0-301F-11D3-BF4B-00C04F79EFBC}") = "FlexMVVM", "..\..\FlexMVVM\src\FlexMVVM\FlexMVVM.csproj", "{7AD46BD6-C569-8A5B-E33F-C8A1E9936FAA}"
EndProject
Project("{FAE04EC0-301F-11D3-BF4B-00C04F79EFBC}") = "FlexMVVM.WPF.Markup", "FlexMVVM.WPF.Markup\FlexMVVM.WPF.Markup.csproj", "{9AE5CC29-9ED3-4A0D-B77B-7FC4687B63AA}"
EndProject
Global
	GlobalSection(SolutionConfigurationPlatforms) = preSolution
		Debug|Any CPU = Debug|Any CPU
		Release|Any CPU = Release|Any CPU
	EndGlobalSection
	GlobalSection(ProjectConfigurationPlatforms) = postSolution
		{2CA91806-4E8F-7433-77B6-8923E38041BB}.Debug|Any CPU.ActiveCfg = Debug|Any CPU
		{2CA91806-4E8F-7433-77B6-8923E38041BB}.Debug|Any CPU.Build.0 = Debug|Any CPU
		{2CA91806-4E8F-7433-77B6-8923E38041BB}.Release|Any CPU.ActiveCfg = Release|Any CPU
		{2CA91806-4E8F-7433-77B6-8923E38041BB}.Release|Any CPU.Build.0 = Release|Any CPU
		{7AD46BD6-C569-8A5B-E33F-C8A1E9936FAA}.Debug|Any CPU.ActiveCfg = Debug|Any CPU
		{7AD46BD6-C569-8A5B-E33F-C8A1E9936FAA}.Debug|Any CPU.Build.0 = Debug|Any CPU
		{7AD46BD6-C569-8A5B-E33F-C8A1E9936FAA}.Release|Any CPU.ActiveCfg = Release|Any CPU
		{7AD46BD6-C569-8A5B-E33F-C8A1E9936FAA}.Release|Any CPU.Build.0 = Release|Any CPU
		{9AE5CC29-9ED3-4A0D-B77B-7FC4687B63AA}.Debug|Any CPU.ActiveCfg = Debug|Any CPU
		{9AE5CC29-9ED3-4A0D-B77B-7FC4687B63AA}.Debug|Any CPU.Build.0 = Debug|Any CPU
		{9AE5CC29-9ED3-4A0D-B77B-7FC4687B63AA}.Release|Any CPU.ActiveCfg = Release|Any CPU
		{9AE5CC29-9ED3-4A0D-B77B-7FC4687B63AA}.Release|Any CPU.Build.0 = Release|Any CPU
	EndGlobalSection
	GlobalSection(SolutionProperties) = preSolution
		HideSolutionNode = FALSE
	EndGlobalSection
	GlobalSection(ExtensibilityGlobals) = postSolution
		SolutionGuid = {A72C9F6B-EDD5-4971-99C5-5B10B9EDEB49}
	EndGlobalSection
EndGlobal
