
Microsoft Visual Studio Solution File, Format Version 12.00
# Visual Studio Version 17
VisualStudioVersion = 17.13.36105.23
MinimumVisualStudioVersion = 10.0.40219.1
Project("{FAE04EC0-301F-11D3-BF4B-00C04F79EFBC}") = "Slate.WPF", "Slate.WPF\Slate.WPF.csproj", "{2CA91806-4E8F-7433-77B6-8923E38041BB}"
EndProject
Project("{FAE04EC0-301F-11D3-BF4B-00C04F79EFBC}") = "Slate", "..\..\Slate\src\Slate\Slate.csproj", "{7AD46BD6-C569-8A5B-E33F-C8A1E9936FAA}"
EndProject
Project("{FAE04EC0-301F-11D3-BF4B-00C04F79EFBC}") = "Slate.WPF.Markup", "Slate.WPF.Markup\Slate.WPF.Markup.csproj", "{9F4668ED-1B86-3587-ED69-F6A45436D278}"
EndProject
Project("{FAE04EC0-301F-11D3-BF4B-00C04F79EFBC}") = "MarkupChain.WPF", "MarkupChain.WPF\MarkupChain.WPF.csproj", "{17B7D2F1-ECE2-4B0B-B5E6-4EEF6D9B5EBA}"
EndProject
Project("{FAE04EC0-301F-11D3-BF4B-00C04F79EFBC}") = "MarkupChain.WinUI3", "MarkupChain.WinUI3\MarkupChain.WinUI3.csproj", "{0558D161-A212-5482-7226-267204C3051D}"
EndProject
Project("{FAE04EC0-301F-11D3-BF4B-00C04F79EFBC}") = "Slate.WinUI3", "Slate.WinUI3\Slate.WinUI3.csproj", "{304A8303-08BE-4A88-B2BF-E4A3044A59EA}"
EndProject
Project("{FAE04EC0-301F-11D3-BF4B-00C04F79EFBC}") = "Slate.WinUI3.Markup", "Slate.WinUI3.Markup\Slate.WinUI3.Markup.csproj", "{DD338415-6A0D-4739-AF1E-762AF827906C}"
EndProject
Project("{FAE04EC0-301F-11D3-BF4B-00C04F79EFBC}") = "Slate.OpenSilver", "Slate.OpenSilver\Slate.OpenSilver.csproj", "{FD5F5720-AD3B-4204-A2F6-C0795DBE4B09}"
EndProject
Project("{FAE04EC0-301F-11D3-BF4B-00C04F79EFBC}") = "Slate.Avalonia", "Slate.Avalonia\Slate.Avalonia.csproj", "{3DBE8963-CD3A-43C7-821D-58E2AEA1AAEB}"
EndProject
Global
	GlobalSection(SolutionConfigurationPlatforms) = preSolution
		Debug|Any CPU = Debug|Any CPU
		Release|Any CPU = Release|Any CPU
	EndGlobalSection
	GlobalSection(ProjectConfigurationPlatforms) = postSolution
		{2CA91806-4E8F-7433-77B6-8923E38041BB}.Debug|Any CPU.ActiveCfg = Debug|Any CPU
		{2CA91806-4E8F-7433-77B6-8923E38041BB}.Debug|Any CPU.Build.0 = Debug|Any CPU
		{2CA91806-4E8F-7433-77B6-8923E38041BB}.Release|Any CPU.ActiveCfg = Release|Any CPU
		{2CA91806-4E8F-7433-77B6-8923E38041BB}.Release|Any CPU.Build.0 = Release|Any CPU
		{7AD46BD6-C569-8A5B-E33F-C8A1E9936FAA}.Debug|Any CPU.ActiveCfg = Debug|Any CPU
		{7AD46BD6-C569-8A5B-E33F-C8A1E9936FAA}.Debug|Any CPU.Build.0 = Debug|Any CPU
		{7AD46BD6-C569-8A5B-E33F-C8A1E9936FAA}.Release|Any CPU.ActiveCfg = Release|Any CPU
		{7AD46BD6-C569-8A5B-E33F-C8A1E9936FAA}.Release|Any CPU.Build.0 = Release|Any CPU
		{9F4668ED-1B86-3587-ED69-F6A45436D278}.Debug|Any CPU.ActiveCfg = Debug|Any CPU
		{9F4668ED-1B86-3587-ED69-F6A45436D278}.Debug|Any CPU.Build.0 = Debug|Any CPU
		{9F4668ED-1B86-3587-ED69-F6A45436D278}.Release|Any CPU.ActiveCfg = Release|Any CPU
		{9F4668ED-1B86-3587-ED69-F6A45436D278}.Release|Any CPU.Build.0 = Release|Any CPU
		{17B7D2F1-ECE2-4B0B-B5E6-4EEF6D9B5EBA}.Debug|Any CPU.ActiveCfg = Debug|Any CPU
		{17B7D2F1-ECE2-4B0B-B5E6-4EEF6D9B5EBA}.Debug|Any CPU.Build.0 = Debug|Any CPU
		{17B7D2F1-ECE2-4B0B-B5E6-4EEF6D9B5EBA}.Release|Any CPU.ActiveCfg = Release|Any CPU
		{17B7D2F1-ECE2-4B0B-B5E6-4EEF6D9B5EBA}.Release|Any CPU.Build.0 = Release|Any CPU
		{0558D161-A212-5482-7226-267204C3051D}.Debug|Any CPU.ActiveCfg = Debug|Any CPU
		{0558D161-A212-5482-7226-267204C3051D}.Debug|Any CPU.Build.0 = Debug|Any CPU
		{0558D161-A212-5482-7226-267204C3051D}.Release|Any CPU.ActiveCfg = Release|Any CPU
		{0558D161-A212-5482-7226-267204C3051D}.Release|Any CPU.Build.0 = Release|Any CPU
		{304A8303-08BE-4A88-B2BF-E4A3044A59EA}.Debug|Any CPU.ActiveCfg = Debug|Any CPU
		{304A8303-08BE-4A88-B2BF-E4A3044A59EA}.Debug|Any CPU.Build.0 = Debug|Any CPU
		{304A8303-08BE-4A88-B2BF-E4A3044A59EA}.Release|Any CPU.ActiveCfg = Release|Any CPU
		{304A8303-08BE-4A88-B2BF-E4A3044A59EA}.Release|Any CPU.Build.0 = Release|Any CPU
		{DD338415-6A0D-4739-AF1E-762AF827906C}.Debug|Any CPU.ActiveCfg = Debug|Any CPU
		{DD338415-6A0D-4739-AF1E-762AF827906C}.Debug|Any CPU.Build.0 = Debug|Any CPU
		{DD338415-6A0D-4739-AF1E-762AF827906C}.Release|Any CPU.ActiveCfg = Release|Any CPU
		{DD338415-6A0D-4739-AF1E-762AF827906C}.Release|Any CPU.Build.0 = Release|Any CPU
		{FD5F5720-AD3B-4204-A2F6-C0795DBE4B09}.Debug|Any CPU.ActiveCfg = Debug|Any CPU
		{FD5F5720-AD3B-4204-A2F6-C0795DBE4B09}.Debug|Any CPU.Build.0 = Debug|Any CPU
		{FD5F5720-AD3B-4204-A2F6-C0795DBE4B09}.Release|Any CPU.ActiveCfg = Release|Any CPU
		{FD5F5720-AD3B-4204-A2F6-C0795DBE4B09}.Release|Any CPU.Build.0 = Release|Any CPU
		{3DBE8963-CD3A-43C7-821D-58E2AEA1AAEB}.Debug|Any CPU.ActiveCfg = Debug|Any CPU
		{3DBE8963-CD3A-43C7-821D-58E2AEA1AAEB}.Debug|Any CPU.Build.0 = Debug|Any CPU
		{3DBE8963-CD3A-43C7-821D-58E2AEA1AAEB}.Release|Any CPU.ActiveCfg = Release|Any CPU
		{3DBE8963-CD3A-43C7-821D-58E2AEA1AAEB}.Release|Any CPU.Build.0 = Release|Any CPU
	EndGlobalSection
	GlobalSection(SolutionProperties) = preSolution
		HideSolutionNode = FALSE
	EndGlobalSection
	GlobalSection(ExtensibilityGlobals) = postSolution
		SolutionGuid = {A72C9F6B-EDD5-4971-99C5-5B10B9EDEB49}
	EndGlobalSection
EndGlobal
